
Microsoft Visual Studio Solution File, Format Version 12.00
# Visual Studio Version 17
VisualStudioVersion = 17.10.34607.79
MinimumVisualStudioVersion = 10.0.40219.1
Project("{FAE04EC0-301F-11D3-BF4B-00C04F79EFBC}") = "Business", "Business\Business.csproj", "{1C0AA136-553A-48F8-A385-79F2553C6E73}"
EndProject
Project("{FAE04EC0-301F-11D3-BF4B-00C04F79EFBC}") = "FormsApp", "FormsApp\FormsApp.csproj", "{6BA4B01F-C408-4D19-90B1-D4002506D115}"
EndProject
Project("{FAE04EC0-301F-11D3-BF4B-00C04F79EFBC}") = "WebApp", "WebApp\WebApp.csproj", "{71FCBD98-2BDA-4B39-85A2-A3A7B6DD82C7}"
EndProject
Global
	GlobalSection(SolutionConfigurationPlatforms) = preSolution
		Debug|Any CPU = Debug|Any CPU
		Release|Any CPU = Release|Any CPU
	EndGlobalSection
	GlobalSection(ProjectConfigurationPlatforms) = postSolution
		{1C0AA136-553A-48F8-A385-79F2553C6E73}.Debug|Any CPU.ActiveCfg = Debug|Any CPU
		{1C0AA136-553A-48F8-A385-79F2553C6E73}.Debug|Any CPU.Build.0 = Debug|Any CPU
		{1C0AA136-553A-48F8-A385-79F2553C6E73}.Release|Any CPU.ActiveCfg = Release|Any CPU
		{1C0AA136-553A-48F8-A385-79F2553C6E73}.Release|Any CPU.Build.0 = Release|Any CPU
		{6BA4B01F-C408-4D19-90B1-D4002506D115}.Debug|Any CPU.ActiveCfg = Debug|Any CPU
		{6BA4B01F-C408-4D19-90B1-D4002506D115}.Debug|Any CPU.Build.0 = Debug|Any CPU
		{6BA4B01F-C408-4D19-90B1-D4002506D115}.Release|Any CPU.ActiveCfg = Release|Any CPU
		{6BA4B01F-C408-4D19-90B1-D4002506D115}.Release|Any CPU.Build.0 = Release|Any CPU
		{71FCBD98-2BDA-4B39-85A2-A3A7B6DD82C7}.Debug|Any CPU.ActiveCfg = Debug|Any CPU
		{71FCBD98-2BDA-4B39-85A2-A3A7B6DD82C7}.Debug|Any CPU.Build.0 = Debug|Any CPU
		{71FCBD98-2BDA-4B39-85A2-A3A7B6DD82C7}.Release|Any CPU.ActiveCfg = Release|Any CPU
		{71FCBD98-2BDA-4B39-85A2-A3A7B6DD82C7}.Release|Any CPU.Build.0 = Release|Any CPU
	EndGlobalSection
	GlobalSection(SolutionProperties) = preSolution
		HideSolutionNode = FALSE
	EndGlobalSection
	GlobalSection(ExtensibilityGlobals) = postSolution
		SolutionGuid = {BBB47870-1423-4141-BE1D-00609A459F4E}
	EndGlobalSection
EndGlobal
